
Microsoft Visual Studio Solution File, Format Version 12.00
# Visual Studio Version 17
VisualStudioVersion = 17.2.32616.157
MinimumVisualStudioVersion = 10.0.40219.1
Project("{FAE04EC0-301F-11D3-BF4B-00C04F79EFBC}") = "WebAPI", "WebAPI\WebAPI.csproj", "{1AC1127A-E996-4913-9EC4-EC9FE083A9B4}"
EndProject
Global
	GlobalSection(SolutionConfigurationPlatforms) = preSolution
		Debug|Any CPU = Debug|Any CPU
		Release|Any CPU = Release|Any CPU
	EndGlobalSection
	GlobalSection(ProjectConfigurationPlatforms) = postSolution
		{1AC1127A-E996-4913-9EC4-EC9FE083A9B4}.Debug|Any CPU.ActiveCfg = Debug|Any CPU
		{1AC1127A-E996-4913-9EC4-EC9FE083A9B4}.Debug|Any CPU.Build.0 = Debug|Any CPU
		{1AC1127A-E996-4913-9EC4-EC9FE083A9B4}.Release|Any CPU.ActiveCfg = Release|Any CPU
		{1AC1127A-E996-4913-9EC4-EC9FE083A9B4}.Release|Any CPU.Build.0 = Release|Any CPU
	EndGlobalSection
	GlobalSection(SolutionProperties) = preSolution
		HideSolutionNode = FALSE
	EndGlobalSection
	GlobalSection(ExtensibilityGlobals) = postSolution
		SolutionGuid = {F497D357-FFA7-4074-AF28-2C4D109B9CF1}
	EndGlobalSection
EndGlobal
